
Microsoft Visual Studio Solution File, Format Version 12.00
# Visual Studio Version 17
VisualStudioVersion = 17.3.32929.385
MinimumVisualStudioVersion = 10.0.40219.1
Project("{FAE04EC0-301F-11D3-BF4B-00C04F79EFBC}") = "ProgrammingStuff", "ProgrammingStuff\ProgrammingStuff.csproj", "{3F437A0B-2884-4AC6-8637-2ED329B76997}"
EndProject
Global
	GlobalSection(SolutionConfigurationPlatforms) = preSolution
		Debug|Any CPU = Debug|Any CPU
		Release|Any CPU = Release|Any CPU
	EndGlobalSection
	GlobalSection(ProjectConfigurationPlatforms) = postSolution
		{3F437A0B-2884-4AC6-8637-2ED329B76997}.Debug|Any CPU.ActiveCfg = Debug|Any CPU
		{3F437A0B-2884-4AC6-8637-2ED329B76997}.Debug|Any CPU.Build.0 = Debug|Any CPU
		{3F437A0B-2884-4AC6-8637-2ED329B76997}.Release|Any CPU.ActiveCfg = Release|Any CPU
		{3F437A0B-2884-4AC6-8637-2ED329B76997}.Release|Any CPU.Build.0 = Release|Any CPU
	EndGlobalSection
	GlobalSection(SolutionProperties) = preSolution
		HideSolutionNode = FALSE
	EndGlobalSection
	GlobalSection(ExtensibilityGlobals) = postSolution
		SolutionGuid = {C2DAD9B1-3C4D-43B4-B4B8-C1CD86051438}
	EndGlobalSection
EndGlobal
